
Microsoft Visual Studio Solution File, Format Version 12.00
# Visual Studio Version 16
VisualStudioVersion = 16.0.29102.190
MinimumVisualStudioVersion = 10.0.40219.1
Project("{8BC9CEB8-8B4A-11D0-8D11-00A0C91BC942}") = "Asynchronous_Serwer_Second_Edition", "Asynchronous_Serwer_Second_Edition\Asynchronous_Serwer_Second_Edition.vcxproj", "{DAE895E1-82BA-42D9-836B-AE37084BFDBD}"
EndProject
Project("{8BC9CEB8-8B4A-11D0-8D11-00A0C91BC942}") = "Client", "Client\Client.vcxproj", "{448347CD-CD76-44EC-8D51-F49983F5A349}"
EndProject
Global
	GlobalSection(SolutionConfigurationPlatforms) = preSolution
		Debug|x64 = Debug|x64
		Debug|x86 = Debug|x86
		Release|x64 = Release|x64
		Release|x86 = Release|x86
	EndGlobalSection
	GlobalSection(ProjectConfigurationPlatforms) = postSolution
		{DAE895E1-82BA-42D9-836B-AE37084BFDBD}.Debug|x64.ActiveCfg = Debug|x64
		{DAE895E1-82BA-42D9-836B-AE37084BFDBD}.Debug|x64.Build.0 = Debug|x64
		{DAE895E1-82BA-42D9-836B-AE37084BFDBD}.Debug|x86.ActiveCfg = Debug|Win32
		{DAE895E1-82BA-42D9-836B-AE37084BFDBD}.Debug|x86.Build.0 = Debug|Win32
		{DAE895E1-82BA-42D9-836B-AE37084BFDBD}.Release|x64.ActiveCfg = Release|x64
		{DAE895E1-82BA-42D9-836B-AE37084BFDBD}.Release|x64.Build.0 = Release|x64
		{DAE895E1-82BA-42D9-836B-AE37084BFDBD}.Release|x86.ActiveCfg = Release|Win32
		{DAE895E1-82BA-42D9-836B-AE37084BFDBD}.Release|x86.Build.0 = Release|Win32
		{448347CD-CD76-44EC-8D51-F49983F5A349}.Debug|x64.ActiveCfg = Debug|x64
		{448347CD-CD76-44EC-8D51-F49983F5A349}.Debug|x64.Build.0 = Debug|x64
		{448347CD-CD76-44EC-8D51-F49983F5A349}.Debug|x86.ActiveCfg = Debug|Win32
		{448347CD-CD76-44EC-8D51-F49983F5A349}.Debug|x86.Build.0 = Debug|Win32
		{448347CD-CD76-44EC-8D51-F49983F5A349}.Release|x64.ActiveCfg = Release|x64
		{448347CD-CD76-44EC-8D51-F49983F5A349}.Release|x64.Build.0 = Release|x64
		{448347CD-CD76-44EC-8D51-F49983F5A349}.Release|x86.ActiveCfg = Release|Win32
		{448347CD-CD76-44EC-8D51-F49983F5A349}.Release|x86.Build.0 = Release|Win32
	EndGlobalSection
	GlobalSection(SolutionProperties) = preSolution
		HideSolutionNode = FALSE
	EndGlobalSection
	GlobalSection(ExtensibilityGlobals) = postSolution
		SolutionGuid = {35FBE23A-963A-4BCB-8790-8F339FE69199}
	EndGlobalSection
EndGlobal
