
Microsoft Visual Studio Solution File, Format Version 12.00
# Visual Studio Version 16
VisualStudioVersion = 16.0.29215.179
MinimumVisualStudioVersion = 10.0.40219.1
Project("{8BC9CEB8-8B4A-11D0-8D11-00A0C91BC942}") = "BITMAP_GENERATOR", "BITMAP_GENERATOR\BITMAP_GENERATOR.vcxproj", "{A7703AD8-46D2-48CB-8932-B0B4A0F4AD25}"
EndProject
Global
	GlobalSection(SolutionConfigurationPlatforms) = preSolution
		Debug|x64 = Debug|x64
		Release|x64 = Release|x64
	EndGlobalSection
	GlobalSection(ProjectConfigurationPlatforms) = postSolution
		{A7703AD8-46D2-48CB-8932-B0B4A0F4AD25}.Debug|x64.ActiveCfg = Debug|x64
		{A7703AD8-46D2-48CB-8932-B0B4A0F4AD25}.Debug|x64.Build.0 = Debug|x64
		{A7703AD8-46D2-48CB-8932-B0B4A0F4AD25}.Release|x64.ActiveCfg = Release|x64
		{A7703AD8-46D2-48CB-8932-B0B4A0F4AD25}.Release|x64.Build.0 = Release|x64
	EndGlobalSection
	GlobalSection(SolutionProperties) = preSolution
		HideSolutionNode = FALSE
	EndGlobalSection
	GlobalSection(ExtensibilityGlobals) = postSolution
		SolutionGuid = {0A5BDDB4-857C-4BF1-9821-1B230836B235}
	EndGlobalSection
EndGlobal
