
Microsoft Visual Studio Solution File, Format Version 12.00
# Visual Studio 15
VisualStudioVersion = 15.0.28307.271
MinimumVisualStudioVersion = 10.0.40219.1
Project("{8BC9CEB8-8B4A-11D0-8D11-00A0C91BC942}") = "sorting_ver2", "sorting_ver2\sorting_ver2.vcxproj", "{9EBE11E2-ED7E-484C-971D-FBAD3E3F055F}"
EndProject
Global
	GlobalSection(SolutionConfigurationPlatforms) = preSolution
		Debug|x64 = Debug|x64
		Debug|x86 = Debug|x86
		Release|x64 = Release|x64
		Release|x86 = Release|x86
	EndGlobalSection
	GlobalSection(ProjectConfigurationPlatforms) = postSolution
		{9EBE11E2-ED7E-484C-971D-FBAD3E3F055F}.Debug|x64.ActiveCfg = Debug|x64
		{9EBE11E2-ED7E-484C-971D-FBAD3E3F055F}.Debug|x64.Build.0 = Debug|x64
		{9EBE11E2-ED7E-484C-971D-FBAD3E3F055F}.Debug|x86.ActiveCfg = Debug|Win32
		{9EBE11E2-ED7E-484C-971D-FBAD3E3F055F}.Debug|x86.Build.0 = Debug|Win32
		{9EBE11E2-ED7E-484C-971D-FBAD3E3F055F}.Release|x64.ActiveCfg = Release|x64
		{9EBE11E2-ED7E-484C-971D-FBAD3E3F055F}.Release|x64.Build.0 = Release|x64
		{9EBE11E2-ED7E-484C-971D-FBAD3E3F055F}.Release|x86.ActiveCfg = Release|Win32
		{9EBE11E2-ED7E-484C-971D-FBAD3E3F055F}.Release|x86.Build.0 = Release|Win32
	EndGlobalSection
	GlobalSection(SolutionProperties) = preSolution
		HideSolutionNode = FALSE
	EndGlobalSection
	GlobalSection(ExtensibilityGlobals) = postSolution
		SolutionGuid = {147D1F00-7D15-4ECD-9C55-0BC8EFCB655A}
	EndGlobalSection
EndGlobal
