<?xml version="1.0" encoding="utf-8"?>
<Project ToolsVersion="Current" xmlns="http://schemas.microsoft.com/developer/msbuild/2003">
  <ItemGroup>
    <CudaCompile Include="kernel.cu" />
    <CudaCompile Include="Pixel_GPU.cu">
      <Filter>Sources</Filter>
    </CudaCompile>
  </ItemGroup>
  <ItemGroup>
    <Filter Include="Headers">
      <UniqueIdentifier>{abc9e2c9-7798-4c63-aa9d-8566d4a42252}</UniqueIdentifier>
    </Filter>
    <Filter Include="Sources">
      <UniqueIdentifier>{6a56da49-6f17-42c2-8c9d-456b44627378}</UniqueIdentifier>
    </Filter>
  </ItemGroup>
  <ItemGroup>
    <ClInclude Include="Pixel.hpp">
      <Filter>Headers</Filter>
    </ClInclude>
    <ClInclude Include="Pixel_GPU.cuh">
      <Filter>Headers</Filter>
    </ClInclude>
  </ItemGroup>
  <ItemGroup>
    <ClCompile Include="Pixel.cpp">
      <Filter>Sources</Filter>
    </ClCompile>
  </ItemGroup>
</Project>